
Microsoft Visual Studio Solution File, Format Version 12.00
# Visual Studio Version 17
VisualStudioVersion = 17.2.32516.85
MinimumVisualStudioVersion = 10.0.40219.1
Project("{FAE04EC0-301F-11D3-BF4B-00C04F79EFBC}") = "Ejercicio6-AdivinarNumero", "Ejercicio6-AdivinarNumero\Ejercicio6-AdivinarNumero.csproj", "{CC05388F-060F-48F7-BB2B-500A1F6A96DC}"
EndProject
Global
	GlobalSection(SolutionConfigurationPlatforms) = preSolution
		Debug|Any CPU = Debug|Any CPU
		Release|Any CPU = Release|Any CPU
	EndGlobalSection
	GlobalSection(ProjectConfigurationPlatforms) = postSolution
		{CC05388F-060F-48F7-BB2B-500A1F6A96DC}.Debug|Any CPU.ActiveCfg = Debug|Any CPU
		{CC05388F-060F-48F7-BB2B-500A1F6A96DC}.Debug|Any CPU.Build.0 = Debug|Any CPU
		{CC05388F-060F-48F7-BB2B-500A1F6A96DC}.Release|Any CPU.ActiveCfg = Release|Any CPU
		{CC05388F-060F-48F7-BB2B-500A1F6A96DC}.Release|Any CPU.Build.0 = Release|Any CPU
	EndGlobalSection
	GlobalSection(SolutionProperties) = preSolution
		HideSolutionNode = FALSE
	EndGlobalSection
	GlobalSection(ExtensibilityGlobals) = postSolution
		SolutionGuid = {2362ABA5-46BD-466B-A036-72A49C2D48BE}
	EndGlobalSection
EndGlobal
